
Microsoft Visual Studio Solution File, Format Version 12.00
# Visual Studio Version 17
VisualStudioVersion = 17.4.33213.308
MinimumVisualStudioVersion = 10.0.40219.1
Project("{FAE04EC0-301F-11D3-BF4B-00C04F79EFBC}") = "Funcionario", "Funcionario\Funcionario.csproj", "{2D3E75C8-A94B-4539-BF22-6817F2B7910E}"
EndProject
Global
	GlobalSection(SolutionConfigurationPlatforms) = preSolution
		Debug|Any CPU = Debug|Any CPU
		Release|Any CPU = Release|Any CPU
	EndGlobalSection
	GlobalSection(ProjectConfigurationPlatforms) = postSolution
		{2D3E75C8-A94B-4539-BF22-6817F2B7910E}.Debug|Any CPU.ActiveCfg = Debug|Any CPU
		{2D3E75C8-A94B-4539-BF22-6817F2B7910E}.Debug|Any CPU.Build.0 = Debug|Any CPU
		{2D3E75C8-A94B-4539-BF22-6817F2B7910E}.Release|Any CPU.ActiveCfg = Release|Any CPU
		{2D3E75C8-A94B-4539-BF22-6817F2B7910E}.Release|Any CPU.Build.0 = Release|Any CPU
	EndGlobalSection
	GlobalSection(SolutionProperties) = preSolution
		HideSolutionNode = FALSE
	EndGlobalSection
	GlobalSection(ExtensibilityGlobals) = postSolution
		SolutionGuid = {4890309A-73CB-4E3B-8FDD-4294BED29551}
	EndGlobalSection
EndGlobal
